// !$*UTF8*$!
{
	archiveVersion = 1;
	classes = {
	};
	objectVersion = 46;
	objects = {

/* Begin PBXBuildFile section */
		352C6A951E8CA37F00CEC21A /* FormTileCell.swift in Sources */ = {isa = PBXBuildFile; fileRef = 352C6A941E8CA37F00CEC21A /* FormTileCell.swift */; };
		352C6A9B1E8CB07F00CEC21A /* FormViewControllerDataAndDelegate.swift in Sources */ = {isa = PBXBuildFile; fileRef = 352C6A9A1E8CB07F00CEC21A /* FormViewControllerDataAndDelegate.swift */; };
		359303D11E9EC484006B63A5 /* Forms.storyboard in Resources */ = {isa = PBXBuildFile; fileRef = 359303D01E9EC484006B63A5 /* Forms.storyboard */; };
		35F6C98F1E907E0D003B8952 /* FormTileCell.xib in Resources */ = {isa = PBXBuildFile; fileRef = 352C6A961E8CA39E00CEC21A /* FormTileCell.xib */; };
		41028DB11E6E6D810007386A /* FormsTableViewCell.swift in Sources */ = {isa = PBXBuildFile; fileRef = 41028DB01E6E6D810007386A /* FormsTableViewCell.swift */; };
		417430821E907114002E8373 /* ReferenceCollectionReusableViewHeader.swift in Sources */ = {isa = PBXBuildFile; fileRef = 417430801E907114002E8373 /* ReferenceCollectionReusableViewHeader.swift */; };
		417430831E907114002E8373 /* ReferenceCollectionReusableViewHeader.xib in Resources */ = {isa = PBXBuildFile; fileRef = 417430811E907114002E8373 /* ReferenceCollectionReusableViewHeader.xib */; };
		41CBC3DE1E8CAB4100B06220 /* ReferenceCell.xib in Resources */ = {isa = PBXBuildFile; fileRef = 41CBC3DD1E8CAB4100B06220 /* ReferenceCell.xib */; };
		41CBC3E01E8CAD7200B06220 /* ReferenceCell.swift in Sources */ = {isa = PBXBuildFile; fileRef = 41CBC3DF1E8CAD7200B06220 /* ReferenceCell.swift */; };
		C93378A21E9AE05F008D9A1B /* BaseViewController.swift in Sources */ = {isa = PBXBuildFile; fileRef = C93378A11E9AE05F008D9A1B /* BaseViewController.swift */; };
		C93378A71E9AE081008D9A1B /* AccountVC.swift in Sources */ = {isa = PBXBuildFile; fileRef = C93378A31E9AE081008D9A1B /* AccountVC.swift */; };
		C93378A81E9AE081008D9A1B /* DutyScheduleVC.swift in Sources */ = {isa = PBXBuildFile; fileRef = C93378A41E9AE081008D9A1B /* DutyScheduleVC.swift */; };
		C93378A91E9AE081008D9A1B /* MenuViewController.swift in Sources */ = {isa = PBXBuildFile; fileRef = C93378A51E9AE081008D9A1B /* MenuViewController.swift */; };
		C93378AA1E9AE081008D9A1B /* SettingsVC.swift in Sources */ = {isa = PBXBuildFile; fileRef = C93378A61E9AE081008D9A1B /* SettingsVC.swift */; };
		C960EBB11E5E120800748B74 /* AppDelegate.swift in Sources */ = {isa = PBXBuildFile; fileRef = C960EBB01E5E120800748B74 /* AppDelegate.swift */; };
		C960EBB51E5E120800748B74 /* ReferenceViewController.swift in Sources */ = {isa = PBXBuildFile; fileRef = C960EBB41E5E120800748B74 /* ReferenceViewController.swift */; };
		C960EBB81E5E120800748B74 /* Main.storyboard in Resources */ = {isa = PBXBuildFile; fileRef = C960EBB61E5E120800748B74 /* Main.storyboard */; };
		C960EBBA1E5E120800748B74 /* Assets.xcassets in Resources */ = {isa = PBXBuildFile; fileRef = C960EBB91E5E120800748B74 /* Assets.xcassets */; };
		C960EBBD1E5E120800748B74 /* LaunchScreen.storyboard in Resources */ = {isa = PBXBuildFile; fileRef = C960EBBB1E5E120800748B74 /* LaunchScreen.storyboard */; };
		C960EBC81E5E120800748B74 /* Project EspinillaTests.swift in Sources */ = {isa = PBXBuildFile; fileRef = C960EBC71E5E120800748B74 /* Project EspinillaTests.swift */; };
		C960EBD31E5E120800748B74 /* Project EspinillaUITests.swift in Sources */ = {isa = PBXBuildFile; fileRef = C960EBD21E5E120800748B74 /* Project EspinillaUITests.swift */; };
		C97158701EA6F5C000BC13DB /* LoginVC.swift in Sources */ = {isa = PBXBuildFile; fileRef = C971586F1EA6F5C000BC13DB /* LoginVC.swift */; };
		C9D270A91E9AEC79000F638F /* ViewController.swift in Sources */ = {isa = PBXBuildFile; fileRef = C9D270A81E9AEC79000F638F /* ViewController.swift */; };
		E104539A1E90705500F64FCF /* IssuePreviewCell.swift in Sources */ = {isa = PBXBuildFile; fileRef = E10453991E90705500F64FCF /* IssuePreviewCell.swift */; };
		E104539C1E90992700F64FCF /* IssuePreviewCellDataAndDelegate.swift in Sources */ = {isa = PBXBuildFile; fileRef = E104539B1E90992700F64FCF /* IssuePreviewCellDataAndDelegate.swift */; };
		E138C6531E96FD31002875F4 /* (null) in Sources */ = {isa = PBXBuildFile; };
		E138C6571E970457002875F4 /* ReferenceCollectionViewDataSourceAndDelegate.swift in Sources */ = {isa = PBXBuildFile; fileRef = 41CBC3E11E8CB0E400B06220 /* ReferenceCollectionViewDataSourceAndDelegate.swift */; };
		E13C0B9A1E9C29DE00FD211C /* RA.swift in Sources */ = {isa = PBXBuildFile; fileRef = E13C0B991E9C29DE00FD211C /* RA.swift */; };
		E13C0BA01E9E9E9200FD211C /* Rounds.storyboard in Resources */ = {isa = PBXBuildFile; fileRef = E13C0B9F1E9E9E9200FD211C /* Rounds.storyboard */; };
		E17BE3B11E8B971D00D19EEC /* RoundCollectionViewDataSource.swift in Sources */ = {isa = PBXBuildFile; fileRef = E17BE3B01E8B971D00D19EEC /* RoundCollectionViewDataSource.swift */; };
		E17E9B021E88BFAD0015F8E2 /* RoundViewController.swift in Sources */ = {isa = PBXBuildFile; fileRef = E17E9B011E88BFAD0015F8E2 /* RoundViewController.swift */; };
		E17E9B061E8984A60015F8E2 /* BuildingViewTileCell.swift in Sources */ = {isa = PBXBuildFile; fileRef = E17E9B051E8984A60015F8E2 /* BuildingViewTileCell.swift */; };
		E17E9B0A1E898B6E0015F8E2 /* BuildingViewTileCell.xib in Resources */ = {isa = PBXBuildFile; fileRef = E17E9B091E898B6E0015F8E2 /* BuildingViewTileCell.xib */; };
		E17E9B0C1E898C3B0015F8E2 /* IssuePreviewCell.xib in Resources */ = {isa = PBXBuildFile; fileRef = E17E9B0B1E898C3B0015F8E2 /* IssuePreviewCell.xib */; };
		E192C9CF1E8CD1A300286C9A /* BuildingTileCollectionViewHeader.swift in Sources */ = {isa = PBXBuildFile; fileRef = E192C9CE1E8CD1A300286C9A /* BuildingTileCollectionViewHeader.swift */; };
		E192C9D11E8CD33400286C9A /* BuildingTileCollectionViewHeader.xib in Resources */ = {isa = PBXBuildFile; fileRef = E192C9D01E8CD33400286C9A /* BuildingTileCollectionViewHeader.xib */; };
		E1D1AA361E94A3D40002FB20 /* UIDesignValue.swift in Sources */ = {isa = PBXBuildFile; fileRef = E1D1AA351E94A3D40002FB20 /* UIDesignValue.swift */; };
		E1DF6C931E9ED1E60053B0A6 /* FormHeader.swift in Sources */ = {isa = PBXBuildFile; fileRef = 3514E6FE1E9E079500C99C69 /* FormHeader.swift */; };
		E1DF6C941E9ED1EF0053B0A6 /* FormViewController.swift in Sources */ = {isa = PBXBuildFile; fileRef = C960EBB21E5E120800748B74 /* FormViewController.swift */; };
		E1DF6C951E9ED2100053B0A6 /* FormHeader.xib in Resources */ = {isa = PBXBuildFile; fileRef = 3514E6FF1E9E079500C99C69 /* FormHeader.xib */; };
		E1DF6C961E9ED23E0053B0A6 /* Info.plist in Resources */ = {isa = PBXBuildFile; fileRef = C960EBBE1E5E120800748B74 /* Info.plist */; };
		E1DF6C981E9ED92B0053B0A6 /* References.storyboard in Resources */ = {isa = PBXBuildFile; fileRef = E1DF6C971E9ED92B0053B0A6 /* References.storyboard */; };
/* End PBXBuildFile section */

/* Begin PBXContainerItemProxy section */
		C960EBC41E5E120800748B74 /* PBXContainerItemProxy */ = {
			isa = PBXContainerItemProxy;
			containerPortal = C960EBA51E5E120700748B74 /* Project object */;
			proxyType = 1;
			remoteGlobalIDString = C960EBAC1E5E120700748B74;
			remoteInfo = "Project Espinilla";
		};
		C960EBCF1E5E120800748B74 /* PBXContainerItemProxy */ = {
			isa = PBXContainerItemProxy;
			containerPortal = C960EBA51E5E120700748B74 /* Project object */;
			proxyType = 1;
			remoteGlobalIDString = C960EBAC1E5E120700748B74;
			remoteInfo = "Project Espinilla";
		};
/* End PBXContainerItemProxy section */

/* Begin PBXFileReference section */
		3514E6FE1E9E079500C99C69 /* FormHeader.swift */ = {isa = PBXFileReference; fileEncoding = 4; lastKnownFileType = sourcecode.swift; path = FormHeader.swift; sourceTree = "<group>"; };
		3514E6FF1E9E079500C99C69 /* FormHeader.xib */ = {isa = PBXFileReference; fileEncoding = 4; lastKnownFileType = file.xib; path = FormHeader.xib; sourceTree = "<group>"; };
		352C6A941E8CA37F00CEC21A /* FormTileCell.swift */ = {isa = PBXFileReference; fileEncoding = 4; lastKnownFileType = sourcecode.swift; path = FormTileCell.swift; sourceTree = "<group>"; };
		352C6A961E8CA39E00CEC21A /* FormTileCell.xib */ = {isa = PBXFileReference; fileEncoding = 4; lastKnownFileType = file.xib; path = FormTileCell.xib; sourceTree = "<group>"; };
		352C6A9A1E8CB07F00CEC21A /* FormViewControllerDataAndDelegate.swift */ = {isa = PBXFileReference; fileEncoding = 4; lastKnownFileType = sourcecode.swift; path = FormViewControllerDataAndDelegate.swift; sourceTree = "<group>"; };
		359303D01E9EC484006B63A5 /* Forms.storyboard */ = {isa = PBXFileReference; fileEncoding = 4; lastKnownFileType = file.storyboard; path = Forms.storyboard; sourceTree = "<group>"; };
		41028DB01E6E6D810007386A /* FormsTableViewCell.swift */ = {isa = PBXFileReference; fileEncoding = 4; lastKnownFileType = sourcecode.swift; path = FormsTableViewCell.swift; sourceTree = "<group>"; };
		417430801E907114002E8373 /* ReferenceCollectionReusableViewHeader.swift */ = {isa = PBXFileReference; fileEncoding = 4; lastKnownFileType = sourcecode.swift; path = ReferenceCollectionReusableViewHeader.swift; sourceTree = "<group>"; };
		417430811E907114002E8373 /* ReferenceCollectionReusableViewHeader.xib */ = {isa = PBXFileReference; fileEncoding = 4; lastKnownFileType = file.xib; path = ReferenceCollectionReusableViewHeader.xib; sourceTree = "<group>"; };
		41CBC3DD1E8CAB4100B06220 /* ReferenceCell.xib */ = {isa = PBXFileReference; fileEncoding = 4; lastKnownFileType = file.xib; path = ReferenceCell.xib; sourceTree = "<group>"; };
		41CBC3DF1E8CAD7200B06220 /* ReferenceCell.swift */ = {isa = PBXFileReference; fileEncoding = 4; lastKnownFileType = sourcecode.swift; path = ReferenceCell.swift; sourceTree = "<group>"; };
		41CBC3E11E8CB0E400B06220 /* ReferenceCollectionViewDataSourceAndDelegate.swift */ = {isa = PBXFileReference; fileEncoding = 4; lastKnownFileType = sourcecode.swift; path = ReferenceCollectionViewDataSourceAndDelegate.swift; sourceTree = "<group>"; };
		C93378A11E9AE05F008D9A1B /* BaseViewController.swift */ = {isa = PBXFileReference; fileEncoding = 4; lastKnownFileType = sourcecode.swift; path = BaseViewController.swift; sourceTree = "<group>"; };
		C93378A31E9AE081008D9A1B /* AccountVC.swift */ = {isa = PBXFileReference; fileEncoding = 4; lastKnownFileType = sourcecode.swift; path = AccountVC.swift; sourceTree = "<group>"; };
		C93378A41E9AE081008D9A1B /* DutyScheduleVC.swift */ = {isa = PBXFileReference; fileEncoding = 4; lastKnownFileType = sourcecode.swift; path = DutyScheduleVC.swift; sourceTree = "<group>"; };
		C93378A51E9AE081008D9A1B /* MenuViewController.swift */ = {isa = PBXFileReference; fileEncoding = 4; lastKnownFileType = sourcecode.swift; path = MenuViewController.swift; sourceTree = "<group>"; };
		C93378A61E9AE081008D9A1B /* SettingsVC.swift */ = {isa = PBXFileReference; fileEncoding = 4; lastKnownFileType = sourcecode.swift; path = SettingsVC.swift; sourceTree = "<group>"; };
		C960EBAD1E5E120800748B74 /* Project Espinilla.app */ = {isa = PBXFileReference; explicitFileType = wrapper.application; includeInIndex = 0; path = "Project Espinilla.app"; sourceTree = BUILT_PRODUCTS_DIR; };
		C960EBB01E5E120800748B74 /* AppDelegate.swift */ = {isa = PBXFileReference; lastKnownFileType = sourcecode.swift; path = AppDelegate.swift; sourceTree = "<group>"; };
		C960EBB21E5E120800748B74 /* FormViewController.swift */ = {isa = PBXFileReference; lastKnownFileType = sourcecode.swift; path = FormViewController.swift; sourceTree = "<group>"; };
		C960EBB41E5E120800748B74 /* ReferenceViewController.swift */ = {isa = PBXFileReference; lastKnownFileType = sourcecode.swift; path = ReferenceViewController.swift; sourceTree = "<group>"; };
		C960EBB71E5E120800748B74 /* Base */ = {isa = PBXFileReference; lastKnownFileType = file.storyboard; name = Base; path = Base.lproj/Main.storyboard; sourceTree = "<group>"; };
		C960EBB91E5E120800748B74 /* Assets.xcassets */ = {isa = PBXFileReference; lastKnownFileType = folder.assetcatalog; path = Assets.xcassets; sourceTree = "<group>"; };
		C960EBBC1E5E120800748B74 /* Base */ = {isa = PBXFileReference; lastKnownFileType = file.storyboard; name = Base; path = Base.lproj/LaunchScreen.storyboard; sourceTree = "<group>"; };
		C960EBBE1E5E120800748B74 /* Info.plist */ = {isa = PBXFileReference; lastKnownFileType = text.plist.xml; path = Info.plist; sourceTree = "<group>"; };
		C960EBC31E5E120800748B74 /* Project EspinillaTests.xctest */ = {isa = PBXFileReference; explicitFileType = wrapper.cfbundle; includeInIndex = 0; path = "Project EspinillaTests.xctest"; sourceTree = BUILT_PRODUCTS_DIR; };
		C960EBC71E5E120800748B74 /* Project EspinillaTests.swift */ = {isa = PBXFileReference; lastKnownFileType = sourcecode.swift; path = "Project EspinillaTests.swift"; sourceTree = "<group>"; };
		C960EBC91E5E120800748B74 /* Info.plist */ = {isa = PBXFileReference; lastKnownFileType = text.plist.xml; path = Info.plist; sourceTree = "<group>"; };
		C960EBCE1E5E120800748B74 /* Project EspinillaUITests.xctest */ = {isa = PBXFileReference; explicitFileType = wrapper.cfbundle; includeInIndex = 0; path = "Project EspinillaUITests.xctest"; sourceTree = BUILT_PRODUCTS_DIR; };
		C960EBD21E5E120800748B74 /* Project EspinillaUITests.swift */ = {isa = PBXFileReference; lastKnownFileType = sourcecode.swift; path = "Project EspinillaUITests.swift"; sourceTree = "<group>"; };
		C960EBD41E5E120800748B74 /* Info.plist */ = {isa = PBXFileReference; lastKnownFileType = text.plist.xml; path = Info.plist; sourceTree = "<group>"; };
		C971586F1EA6F5C000BC13DB /* LoginVC.swift */ = {isa = PBXFileReference; fileEncoding = 4; lastKnownFileType = sourcecode.swift; name = LoginVC.swift; path = ../LoginVC.swift; sourceTree = "<group>"; };
		C9D270A81E9AEC79000F638F /* ViewController.swift */ = {isa = PBXFileReference; fileEncoding = 4; lastKnownFileType = sourcecode.swift; path = ViewController.swift; sourceTree = "<group>"; };
		E10453991E90705500F64FCF /* IssuePreviewCell.swift */ = {isa = PBXFileReference; fileEncoding = 4; lastKnownFileType = sourcecode.swift; path = IssuePreviewCell.swift; sourceTree = "<group>"; };
		E104539B1E90992700F64FCF /* IssuePreviewCellDataAndDelegate.swift */ = {isa = PBXFileReference; fileEncoding = 4; lastKnownFileType = sourcecode.swift; path = IssuePreviewCellDataAndDelegate.swift; sourceTree = "<group>"; };
		E13C0B991E9C29DE00FD211C /* RA.swift */ = {isa = PBXFileReference; fileEncoding = 4; lastKnownFileType = sourcecode.swift; path = RA.swift; sourceTree = "<group>"; };
		E13C0B9F1E9E9E9200FD211C /* Rounds.storyboard */ = {isa = PBXFileReference; fileEncoding = 4; lastKnownFileType = file.storyboard; path = Rounds.storyboard; sourceTree = "<group>"; };
		E17BE3B01E8B971D00D19EEC /* RoundCollectionViewDataSource.swift */ = {isa = PBXFileReference; fileEncoding = 4; lastKnownFileType = sourcecode.swift; path = RoundCollectionViewDataSource.swift; sourceTree = "<group>"; };
		E17E9B011E88BFAD0015F8E2 /* RoundViewController.swift */ = {isa = PBXFileReference; fileEncoding = 4; lastKnownFileType = sourcecode.swift; path = RoundViewController.swift; sourceTree = "<group>"; };
		E17E9B051E8984A60015F8E2 /* BuildingViewTileCell.swift */ = {isa = PBXFileReference; fileEncoding = 4; lastKnownFileType = sourcecode.swift; path = BuildingViewTileCell.swift; sourceTree = "<group>"; };
		E17E9B091E898B6E0015F8E2 /* BuildingViewTileCell.xib */ = {isa = PBXFileReference; fileEncoding = 4; lastKnownFileType = file.xib; path = BuildingViewTileCell.xib; sourceTree = "<group>"; };
		E17E9B0B1E898C3B0015F8E2 /* IssuePreviewCell.xib */ = {isa = PBXFileReference; fileEncoding = 4; lastKnownFileType = file.xib; path = IssuePreviewCell.xib; sourceTree = "<group>"; };
		E192C9CE1E8CD1A300286C9A /* BuildingTileCollectionViewHeader.swift */ = {isa = PBXFileReference; fileEncoding = 4; lastKnownFileType = sourcecode.swift; path = BuildingTileCollectionViewHeader.swift; sourceTree = "<group>"; };
		E192C9D01E8CD33400286C9A /* BuildingTileCollectionViewHeader.xib */ = {isa = PBXFileReference; fileEncoding = 4; lastKnownFileType = file.xib; path = BuildingTileCollectionViewHeader.xib; sourceTree = "<group>"; };
		E1D1AA351E94A3D40002FB20 /* UIDesignValue.swift */ = {isa = PBXFileReference; fileEncoding = 4; lastKnownFileType = sourcecode.swift; path = UIDesignValue.swift; sourceTree = "<group>"; };
		E1DF6C971E9ED92B0053B0A6 /* References.storyboard */ = {isa = PBXFileReference; fileEncoding = 4; lastKnownFileType = file.storyboard; path = References.storyboard; sourceTree = "<group>"; };
/* End PBXFileReference section */

/* Begin PBXFrameworksBuildPhase section */
		C960EBAA1E5E120700748B74 /* Frameworks */ = {
			isa = PBXFrameworksBuildPhase;
			buildActionMask = 2147483647;
			files = (
			);
			runOnlyForDeploymentPostprocessing = 0;
		};
		C960EBC01E5E120800748B74 /* Frameworks */ = {
			isa = PBXFrameworksBuildPhase;
			buildActionMask = 2147483647;
			files = (
			);
			runOnlyForDeploymentPostprocessing = 0;
		};
		C960EBCB1E5E120800748B74 /* Frameworks */ = {
			isa = PBXFrameworksBuildPhase;
			buildActionMask = 2147483647;
			files = (
			);
			runOnlyForDeploymentPostprocessing = 0;
		};
/* End PBXFrameworksBuildPhase section */

/* Begin PBXGroup section */
		C960EBA41E5E120700748B74 = {
			isa = PBXGroup;
			children = (
				C960EBAF1E5E120800748B74 /* Project Espinilla */,
				C960EBC61E5E120800748B74 /* Project EspinillaTests */,
				C960EBD11E5E120800748B74 /* Project EspinillaUITests */,
				C960EBAE1E5E120800748B74 /* Products */,
			);
			sourceTree = "<group>";
		};
		C960EBAE1E5E120800748B74 /* Products */ = {
			isa = PBXGroup;
			children = (
				C960EBAD1E5E120800748B74 /* Project Espinilla.app */,
				C960EBC31E5E120800748B74 /* Project EspinillaTests.xctest */,
				C960EBCE1E5E120800748B74 /* Project EspinillaUITests.xctest */,
			);
			name = Products;
			sourceTree = "<group>";
		};
		C960EBAF1E5E120800748B74 /* Project Espinilla */ = {
			isa = PBXGroup;
			children = (
				E13C0BA11E9E9E9B00FD211C /* storyboards */,
				C960EBB01E5E120800748B74 /* AppDelegate.swift */,
				C960EBB91E5E120800748B74 /* Assets.xcassets */,
				C960EBBB1E5E120800748B74 /* LaunchScreen.storyboard */,
				C960EBBE1E5E120800748B74 /* Info.plist */,
				C971586F1EA6F5C000BC13DB /* LoginVC.swift */,
				C93378A11E9AE05F008D9A1B /* BaseViewController.swift */,
				C93378A31E9AE081008D9A1B /* AccountVC.swift */,
				C9D270A81E9AEC79000F638F /* ViewController.swift */,
				C93378A41E9AE081008D9A1B /* DutyScheduleVC.swift */,
				C93378A51E9AE081008D9A1B /* MenuViewController.swift */,
				C93378A61E9AE081008D9A1B /* SettingsVC.swift */,
				E13C0B9D1E9E9B9C00FD211C /* core_data */,
				E1DF6C911E9EC8BA0053B0A6 /* forms */,
				E1DF6C8F1E9EC8610053B0A6 /* references */,
				E13C0B9B1E9E9A7700FD211C /* rounds */,
				E13C0B9C1E9E9B6300FD211C /* utility */,
			);
			path = "Project Espinilla";
			sourceTree = "<group>";
		};
		C960EBC61E5E120800748B74 /* Project EspinillaTests */ = {
			isa = PBXGroup;
			children = (
				C960EBC71E5E120800748B74 /* Project EspinillaTests.swift */,
				C960EBC91E5E120800748B74 /* Info.plist */,
			);
			path = "Project EspinillaTests";
			sourceTree = "<group>";
		};
		C960EBD11E5E120800748B74 /* Project EspinillaUITests */ = {
			isa = PBXGroup;
			children = (
				C960EBD21E5E120800748B74 /* Project EspinillaUITests.swift */,
				C960EBD41E5E120800748B74 /* Info.plist */,
			);
			path = "Project EspinillaUITests";
			sourceTree = "<group>";
		};
		E13C0B9B1E9E9A7700FD211C /* rounds */ = {
			isa = PBXGroup;
			children = (
				E17E9B011E88BFAD0015F8E2 /* RoundViewController.swift */,
				E17BE3B01E8B971D00D19EEC /* RoundCollectionViewDataSource.swift */,
				E17E9B051E8984A60015F8E2 /* BuildingViewTileCell.swift */,
				E192C9CE1E8CD1A300286C9A /* BuildingTileCollectionViewHeader.swift */,
				E104539B1E90992700F64FCF /* IssuePreviewCellDataAndDelegate.swift */,
				E10453991E90705500F64FCF /* IssuePreviewCell.swift */,
				E13C0B9E1E9E9BD500FD211C /* xibs */,
			);
			name = rounds;
			sourceTree = "<group>";
		};
		E13C0B9C1E9E9B6300FD211C /* utility */ = {
			isa = PBXGroup;
			children = (
				E1D1AA351E94A3D40002FB20 /* UIDesignValue.swift */,
			);
			name = utility;
			sourceTree = "<group>";
		};
		E13C0B9D1E9E9B9C00FD211C /* core_data */ = {
			isa = PBXGroup;
			children = (
				E13C0B991E9C29DE00FD211C /* RA.swift */,
			);
			name = core_data;
			sourceTree = "<group>";
		};
		E13C0B9E1E9E9BD500FD211C /* xibs */ = {
			isa = PBXGroup;
			children = (
				E17E9B091E898B6E0015F8E2 /* BuildingViewTileCell.xib */,
				E17E9B0B1E898C3B0015F8E2 /* IssuePreviewCell.xib */,
				E192C9D01E8CD33400286C9A /* BuildingTileCollectionViewHeader.xib */,
			);
			name = xibs;
			sourceTree = "<group>";
		};
		E13C0BA11E9E9E9B00FD211C /* storyboards */ = {
			isa = PBXGroup;
			children = (
				359303D01E9EC484006B63A5 /* Forms.storyboard */,
				E13C0B9F1E9E9E9200FD211C /* Rounds.storyboard */,
				E1DF6C971E9ED92B0053B0A6 /* References.storyboard */,
				C960EBB61E5E120800748B74 /* Main.storyboard */,
			);
			name = storyboards;
			sourceTree = "<group>";
		};
		E1DF6C8F1E9EC8610053B0A6 /* references */ = {
			isa = PBXGroup;
			children = (
				41CBC3DF1E8CAD7200B06220 /* ReferenceCell.swift */,
				C960EBB41E5E120800748B74 /* ReferenceViewController.swift */,
				417430801E907114002E8373 /* ReferenceCollectionReusableViewHeader.swift */,
				41CBC3E11E8CB0E400B06220 /* ReferenceCollectionViewDataSourceAndDelegate.swift */,
				E1DF6C901E9EC86C0053B0A6 /* xib */,
			);
			name = references;
			sourceTree = "<group>";
		};
		E1DF6C901E9EC86C0053B0A6 /* xib */ = {
			isa = PBXGroup;
			children = (
				41CBC3DD1E8CAB4100B06220 /* ReferenceCell.xib */,
				417430811E907114002E8373 /* ReferenceCollectionReusableViewHeader.xib */,
			);
			name = xib;
			sourceTree = "<group>";
		};
		E1DF6C911E9EC8BA0053B0A6 /* forms */ = {
			isa = PBXGroup;
			children = (
				41028DB01E6E6D810007386A /* FormsTableViewCell.swift */,
				3514E6FE1E9E079500C99C69 /* FormHeader.swift */,
				C960EBB21E5E120800748B74 /* FormViewController.swift */,
				352C6A941E8CA37F00CEC21A /* FormTileCell.swift */,
				352C6A9A1E8CB07F00CEC21A /* FormViewControllerDataAndDelegate.swift */,
				E1DF6C921E9EC8E30053B0A6 /* xib */,
			);
			name = forms;
			sourceTree = "<group>";
		};
		E1DF6C921E9EC8E30053B0A6 /* xib */ = {
			isa = PBXGroup;
			children = (
				3514E6FF1E9E079500C99C69 /* FormHeader.xib */,
				352C6A961E8CA39E00CEC21A /* FormTileCell.xib */,
			);
			name = xib;
			sourceTree = "<group>";
		};
/* End PBXGroup section */

/* Begin PBXNativeTarget section */
		C960EBAC1E5E120700748B74 /* Project Espinilla */ = {
			isa = PBXNativeTarget;
			buildConfigurationList = C960EBD71E5E120800748B74 /* Build configuration list for PBXNativeTarget "Project Espinilla" */;
			buildPhases = (
				C960EBA91E5E120700748B74 /* Sources */,
				C960EBAA1E5E120700748B74 /* Frameworks */,
				C960EBAB1E5E120700748B74 /* Resources */,
			);
			buildRules = (
			);
			dependencies = (
			);
			name = "Project Espinilla";
			productName = "Project Espinilla";
			productReference = C960EBAD1E5E120800748B74 /* Project Espinilla.app */;
			productType = "com.apple.product-type.application";
		};
		C960EBC21E5E120800748B74 /* Project EspinillaTests */ = {
			isa = PBXNativeTarget;
			buildConfigurationList = C960EBDA1E5E120800748B74 /* Build configuration list for PBXNativeTarget "Project EspinillaTests" */;
			buildPhases = (
				C960EBBF1E5E120800748B74 /* Sources */,
				C960EBC01E5E120800748B74 /* Frameworks */,
				C960EBC11E5E120800748B74 /* Resources */,
			);
			buildRules = (
			);
			dependencies = (
				C960EBC51E5E120800748B74 /* PBXTargetDependency */,
			);
			name = "Project EspinillaTests";
			productName = "Project EspinillaTests";
			productReference = C960EBC31E5E120800748B74 /* Project EspinillaTests.xctest */;
			productType = "com.apple.product-type.bundle.unit-test";
		};
		C960EBCD1E5E120800748B74 /* Project EspinillaUITests */ = {
			isa = PBXNativeTarget;
			buildConfigurationList = C960EBDD1E5E120800748B74 /* Build configuration list for PBXNativeTarget "Project EspinillaUITests" */;
			buildPhases = (
				C960EBCA1E5E120800748B74 /* Sources */,
				C960EBCB1E5E120800748B74 /* Frameworks */,
				C960EBCC1E5E120800748B74 /* Resources */,
			);
			buildRules = (
			);
			dependencies = (
				C960EBD01E5E120800748B74 /* PBXTargetDependency */,
			);
			name = "Project EspinillaUITests";
			productName = "Project EspinillaUITests";
			productReference = C960EBCE1E5E120800748B74 /* Project EspinillaUITests.xctest */;
			productType = "com.apple.product-type.bundle.ui-testing";
		};
/* End PBXNativeTarget section */

/* Begin PBXProject section */
		C960EBA51E5E120700748B74 /* Project object */ = {
			isa = PBXProject;
			attributes = {
				LastSwiftUpdateCheck = 0820;
				LastUpgradeCheck = 0830;
				ORGANIZATIONNAME = "Matthew Crepeau";
				TargetAttributes = {
					C960EBAC1E5E120700748B74 = {
						CreatedOnToolsVersion = 8.2.1;
						DevelopmentTeam = 2K2JUTG8W2;
						ProvisioningStyle = Automatic;
					};
					C960EBC21E5E120800748B74 = {
						CreatedOnToolsVersion = 8.2.1;
						ProvisioningStyle = Automatic;
						TestTargetID = C960EBAC1E5E120700748B74;
					};
					C960EBCD1E5E120800748B74 = {
						CreatedOnToolsVersion = 8.2.1;
						ProvisioningStyle = Automatic;
						TestTargetID = C960EBAC1E5E120700748B74;
					};
				};
			};
			buildConfigurationList = C960EBA81E5E120700748B74 /* Build configuration list for PBXProject "Project Espinilla" */;
			compatibilityVersion = "Xcode 3.2";
			developmentRegion = English;
			hasScannedForEncodings = 0;
			knownRegions = (
				en,
				Base,
			);
			mainGroup = C960EBA41E5E120700748B74;
			productRefGroup = C960EBAE1E5E120800748B74 /* Products */;
			projectDirPath = "";
			projectRoot = "";
			targets = (
				C960EBAC1E5E120700748B74 /* Project Espinilla */,
				C960EBC21E5E120800748B74 /* Project EspinillaTests */,
				C960EBCD1E5E120800748B74 /* Project EspinillaUITests */,
			);
		};
/* End PBXProject section */

/* Begin PBXResourcesBuildPhase section */
		C960EBAB1E5E120700748B74 /* Resources */ = {
			isa = PBXResourcesBuildPhase;
			buildActionMask = 2147483647;
			files = (
				E17E9B0A1E898B6E0015F8E2 /* BuildingViewTileCell.xib in Resources */,
				E13C0BA01E9E9E9200FD211C /* Rounds.storyboard in Resources */,
				E192C9D11E8CD33400286C9A /* BuildingTileCollectionViewHeader.xib in Resources */,
				C960EBBD1E5E120800748B74 /* LaunchScreen.storyboard in Resources */,
				E1DF6C951E9ED2100053B0A6 /* FormHeader.xib in Resources */,
				41CBC3DE1E8CAB4100B06220 /* ReferenceCell.xib in Resources */,
				C960EBBA1E5E120800748B74 /* Assets.xcassets in Resources */,
				359303D11E9EC484006B63A5 /* Forms.storyboard in Resources */,
				C960EBB81E5E120800748B74 /* Main.storyboard in Resources */,
				E17E9B0C1E898C3B0015F8E2 /* IssuePreviewCell.xib in Resources */,
				35F6C98F1E907E0D003B8952 /* FormTileCell.xib in Resources */,
				E1DF6C981E9ED92B0053B0A6 /* References.storyboard in Resources */,
				417430831E907114002E8373 /* ReferenceCollectionReusableViewHeader.xib in Resources */,
				E1DF6C961E9ED23E0053B0A6 /* Info.plist in Resources */,
			);
			runOnlyForDeploymentPostprocessing = 0;
		};
		C960EBC11E5E120800748B74 /* Resources */ = {
			isa = PBXResourcesBuildPhase;
			buildActionMask = 2147483647;
			files = (
			);
			runOnlyForDeploymentPostprocessing = 0;
		};
		C960EBCC1E5E120800748B74 /* Resources */ = {
			isa = PBXResourcesBuildPhase;
			buildActionMask = 2147483647;
			files = (
			);
			runOnlyForDeploymentPostprocessing = 0;
		};
/* End PBXResourcesBuildPhase section */

/* Begin PBXSourcesBuildPhase section */
		C960EBA91E5E120700748B74 /* Sources */ = {
			isa = PBXSourcesBuildPhase;
			buildActionMask = 2147483647;
			files = (
				E104539A1E90705500F64FCF /* IssuePreviewCell.swift in Sources */,
				E104539C1E90992700F64FCF /* IssuePreviewCellDataAndDelegate.swift in Sources */,
				E13C0B9A1E9C29DE00FD211C /* RA.swift in Sources */,
				E192C9CF1E8CD1A300286C9A /* BuildingTileCollectionViewHeader.swift in Sources */,
				417430821E907114002E8373 /* ReferenceCollectionReusableViewHeader.swift in Sources */,
				C9D270A91E9AEC79000F638F /* ViewController.swift in Sources */,
				E1DF6C941E9ED1EF0053B0A6 /* FormViewController.swift in Sources */,
				C93378A21E9AE05F008D9A1B /* BaseViewController.swift in Sources */,
				C960EBB51E5E120800748B74 /* ReferenceViewController.swift in Sources */,
				41CBC3E01E8CAD7200B06220 /* ReferenceCell.swift in Sources */,
				41028DB11E6E6D810007386A /* FormsTableViewCell.swift in Sources */,
				E17E9B061E8984A60015F8E2 /* BuildingViewTileCell.swift in Sources */,
				C960EBB11E5E120800748B74 /* AppDelegate.swift in Sources */,
				C93378A91E9AE081008D9A1B /* MenuViewController.swift in Sources */,
				C93378AA1E9AE081008D9A1B /* SettingsVC.swift in Sources */,
				E17BE3B11E8B971D00D19EEC /* RoundCollectionViewDataSource.swift in Sources */,
				E138C6531E96FD31002875F4 /* (null) in Sources */,
				E138C6571E970457002875F4 /* ReferenceCollectionViewDataSourceAndDelegate.swift in Sources */,
				C93378A71E9AE081008D9A1B /* AccountVC.swift in Sources */,
				352C6A951E8CA37F00CEC21A /* FormTileCell.swift in Sources */,
				E1DF6C931E9ED1E60053B0A6 /* FormHeader.swift in Sources */,
				352C6A9B1E8CB07F00CEC21A /* FormViewControllerDataAndDelegate.swift in Sources */,
				C97158701EA6F5C000BC13DB /* LoginVC.swift in Sources */,
				E17E9B021E88BFAD0015F8E2 /* RoundViewController.swift in Sources */,
				E1D1AA361E94A3D40002FB20 /* UIDesignValue.swift in Sources */,
				C93378A81E9AE081008D9A1B /* DutyScheduleVC.swift in Sources */,
			);
			runOnlyForDeploymentPostprocessing = 0;
		};
		C960EBBF1E5E120800748B74 /* Sources */ = {
			isa = PBXSourcesBuildPhase;
			buildActionMask = 2147483647;
			files = (
				C960EBC81E5E120800748B74 /* Project EspinillaTests.swift in Sources */,
			);
			runOnlyForDeploymentPostprocessing = 0;
		};
		C960EBCA1E5E120800748B74 /* Sources */ = {
			isa = PBXSourcesBuildPhase;
			buildActionMask = 2147483647;
			files = (
				C960EBD31E5E120800748B74 /* Project EspinillaUITests.swift in Sources */,
			);
			runOnlyForDeploymentPostprocessing = 0;
		};
/* End PBXSourcesBuildPhase section */

/* Begin PBXTargetDependency section */
		C960EBC51E5E120800748B74 /* PBXTargetDependency */ = {
			isa = PBXTargetDependency;
			target = C960EBAC1E5E120700748B74 /* Project Espinilla */;
			targetProxy = C960EBC41E5E120800748B74 /* PBXContainerItemProxy */;
		};
		C960EBD01E5E120800748B74 /* PBXTargetDependency */ = {
			isa = PBXTargetDependency;
			target = C960EBAC1E5E120700748B74 /* Project Espinilla */;
			targetProxy = C960EBCF1E5E120800748B74 /* PBXContainerItemProxy */;
		};
/* End PBXTargetDependency section */

/* Begin PBXVariantGroup section */
		C960EBB61E5E120800748B74 /* Main.storyboard */ = {
			isa = PBXVariantGroup;
			children = (
				C960EBB71E5E120800748B74 /* Base */,
			);
			name = Main.storyboard;
			sourceTree = "<group>";
		};
		C960EBBB1E5E120800748B74 /* LaunchScreen.storyboard */ = {
			isa = PBXVariantGroup;
			children = (
				C960EBBC1E5E120800748B74 /* Base */,
			);
			name = LaunchScreen.storyboard;
			sourceTree = "<group>";
		};
/* End PBXVariantGroup section */

/* Begin XCBuildConfiguration section */
		C960EBD51E5E120800748B74 /* Debug */ = {
			isa = XCBuildConfiguration;
			buildSettings = {
				ALWAYS_SEARCH_USER_PATHS = NO;
				CLANG_ANALYZER_NONNULL = YES;
				CLANG_CXX_LANGUAGE_STANDARD = "gnu++0x";
				CLANG_CXX_LIBRARY = "libc++";
				CLANG_ENABLE_MODULES = YES;
				CLANG_ENABLE_OBJC_ARC = YES;
				CLANG_WARN_BOOL_CONVERSION = YES;
				CLANG_WARN_CONSTANT_CONVERSION = YES;
				CLANG_WARN_DIRECT_OBJC_ISA_USAGE = YES_ERROR;
				CLANG_WARN_DOCUMENTATION_COMMENTS = YES;
				CLANG_WARN_EMPTY_BODY = YES;
				CLANG_WARN_ENUM_CONVERSION = YES;
				CLANG_WARN_INFINITE_RECURSION = YES;
				CLANG_WARN_INT_CONVERSION = YES;
				CLANG_WARN_OBJC_ROOT_CLASS = YES_ERROR;
				CLANG_WARN_SUSPICIOUS_MOVE = YES;
				CLANG_WARN_UNREACHABLE_CODE = YES;
				CLANG_WARN__DUPLICATE_METHOD_MATCH = YES;
				"CODE_SIGN_IDENTITY[sdk=iphoneos*]" = "iPhone Developer";
				COPY_PHASE_STRIP = NO;
				DEBUG_INFORMATION_FORMAT = dwarf;
				ENABLE_STRICT_OBJC_MSGSEND = YES;
				ENABLE_TESTABILITY = YES;
				GCC_C_LANGUAGE_STANDARD = gnu99;
				GCC_DYNAMIC_NO_PIC = NO;
				GCC_NO_COMMON_BLOCKS = YES;
				GCC_OPTIMIZATION_LEVEL = 0;
				GCC_PREPROCESSOR_DEFINITIONS = (
					"DEBUG=1",
					"$(inherited)",
				);
				GCC_WARN_64_TO_32_BIT_CONVERSION = YES;
				GCC_WARN_ABOUT_RETURN_TYPE = YES_ERROR;
				GCC_WARN_UNDECLARED_SELECTOR = YES;
				GCC_WARN_UNINITIALIZED_AUTOS = YES_AGGRESSIVE;
				GCC_WARN_UNUSED_FUNCTION = YES;
				GCC_WARN_UNUSED_VARIABLE = YES;
				IPHONEOS_DEPLOYMENT_TARGET = 10.2;
				MTL_ENABLE_DEBUG_INFO = YES;
				ONLY_ACTIVE_ARCH = YES;
				SDKROOT = iphoneos;
				SWIFT_ACTIVE_COMPILATION_CONDITIONS = DEBUG;
				SWIFT_OPTIMIZATION_LEVEL = "-Onone";
				TARGETED_DEVICE_FAMILY = "1,2";
			};
			name = Debug;
		};
		C960EBD61E5E120800748B74 /* Release */ = {
			isa = XCBuildConfiguration;
			buildSettings = {
				ALWAYS_SEARCH_USER_PATHS = NO;
				CLANG_ANALYZER_NONNULL = YES;
				CLANG_CXX_LANGUAGE_STANDARD = "gnu++0x";
				CLANG_CXX_LIBRARY = "libc++";
				CLANG_ENABLE_MODULES = YES;
				CLANG_ENABLE_OBJC_ARC = YES;
				CLANG_WARN_BOOL_CONVERSION = YES;
				CLANG_WARN_CONSTANT_CONVERSION = YES;
				CLANG_WARN_DIRECT_OBJC_ISA_USAGE = YES_ERROR;
				CLANG_WARN_DOCUMENTATION_COMMENTS = YES;
				CLANG_WARN_EMPTY_BODY = YES;
				CLANG_WARN_ENUM_CONVERSION = YES;
				CLANG_WARN_INFINITE_RECURSION = YES;
				CLANG_WARN_INT_CONVERSION = YES;
				CLANG_WARN_OBJC_ROOT_CLASS = YES_ERROR;
				CLANG_WARN_SUSPICIOUS_MOVE = YES;
				CLANG_WARN_UNREACHABLE_CODE = YES;
				CLANG_WARN__DUPLICATE_METHOD_MATCH = YES;
				"CODE_SIGN_IDENTITY[sdk=iphoneos*]" = "iPhone Developer";
				COPY_PHASE_STRIP = NO;
				DEBUG_INFORMATION_FORMAT = "dwarf-with-dsym";
				ENABLE_NS_ASSERTIONS = NO;
				ENABLE_STRICT_OBJC_MSGSEND = YES;
				GCC_C_LANGUAGE_STANDARD = gnu99;
				GCC_NO_COMMON_BLOCKS = YES;
				GCC_WARN_64_TO_32_BIT_CONVERSION = YES;
				GCC_WARN_ABOUT_RETURN_TYPE = YES_ERROR;
				GCC_WARN_UNDECLARED_SELECTOR = YES;
				GCC_WARN_UNINITIALIZED_AUTOS = YES_AGGRESSIVE;
				GCC_WARN_UNUSED_FUNCTION = YES;
				GCC_WARN_UNUSED_VARIABLE = YES;
				IPHONEOS_DEPLOYMENT_TARGET = 10.2;
				MTL_ENABLE_DEBUG_INFO = NO;
				SDKROOT = iphoneos;
				SWIFT_OPTIMIZATION_LEVEL = "-Owholemodule";
				TARGETED_DEVICE_FAMILY = "1,2";
				VALIDATE_PRODUCT = YES;
			};
			name = Release;
		};
		C960EBD81E5E120800748B74 /* Debug */ = {
			isa = XCBuildConfiguration;
			buildSettings = {
				ASSETCATALOG_COMPILER_APPICON_NAME = AppIcon;
				DEVELOPMENT_TEAM = 2K2JUTG8W2;
				INFOPLIST_FILE = "Project Espinilla/Info.plist";
				LD_RUNPATH_SEARCH_PATHS = "$(inherited) @executable_path/Frameworks";
				PRODUCT_BUNDLE_IDENTIFIER = "cradzka.Project-EspinillaiOS";
				PRODUCT_NAME = "$(TARGET_NAME)";
				SWIFT_VERSION = 3.0;
			};
			name = Debug;
		};
		C960EBD91E5E120800748B74 /* Release */ = {
			isa = XCBuildConfiguration;
			buildSettings = {
				ASSETCATALOG_COMPILER_APPICON_NAME = AppIcon;
				DEVELOPMENT_TEAM = 2K2JUTG8W2;
				INFOPLIST_FILE = "Project Espinilla/Info.plist";
				LD_RUNPATH_SEARCH_PATHS = "$(inherited) @executable_path/Frameworks";
				PRODUCT_BUNDLE_IDENTIFIER = "cradzka.Project-EspinillaiOS";
				PRODUCT_NAME = "$(TARGET_NAME)";
				SWIFT_VERSION = 3.0;
			};
			name = Release;
		};
		C960EBDB1E5E120800748B74 /* Debug */ = {
			isa = XCBuildConfiguration;
			buildSettings = {
				ALWAYS_EMBED_SWIFT_STANDARD_LIBRARIES = YES;
				BUNDLE_LOADER = "$(TEST_HOST)";
				INFOPLIST_FILE = "Project EspinillaTests/Info.plist";
				LD_RUNPATH_SEARCH_PATHS = "$(inherited) @executable_path/Frameworks @loader_path/Frameworks";
				PRODUCT_BUNDLE_IDENTIFIER = "mjcrepeau.Project-EspinillaTests";
				PRODUCT_NAME = "$(TARGET_NAME)";
				SWIFT_VERSION = 3.0;
				TEST_HOST = "$(BUILT_PRODUCTS_DIR)/Project Espinilla.app/Project Espinilla";
			};
			name = Debug;
		};
		C960EBDC1E5E120800748B74 /* Release */ = {
			isa = XCBuildConfiguration;
			buildSettings = {
				ALWAYS_EMBED_SWIFT_STANDARD_LIBRARIES = YES;
				BUNDLE_LOADER = "$(TEST_HOST)";
				INFOPLIST_FILE = "Project EspinillaTests/Info.plist";
				LD_RUNPATH_SEARCH_PATHS = "$(inherited) @executable_path/Frameworks @loader_path/Frameworks";
				PRODUCT_BUNDLE_IDENTIFIER = "mjcrepeau.Project-EspinillaTests";
				PRODUCT_NAME = "$(TARGET_NAME)";
				SWIFT_VERSION = 3.0;
				TEST_HOST = "$(BUILT_PRODUCTS_DIR)/Project Espinilla.app/Project Espinilla";
			};
			name = Release;
		};
		C960EBDE1E5E120800748B74 /* Debug */ = {
			isa = XCBuildConfiguration;
			buildSettings = {
				ALWAYS_EMBED_SWIFT_STANDARD_LIBRARIES = YES;
				INFOPLIST_FILE = "Project EspinillaUITests/Info.plist";
				LD_RUNPATH_SEARCH_PATHS = "$(inherited) @executable_path/Frameworks @loader_path/Frameworks";
				PRODUCT_BUNDLE_IDENTIFIER = "mjcrepeau.Project-EspinillaUITests";
				PRODUCT_NAME = "$(TARGET_NAME)";
				SWIFT_VERSION = 3.0;
				TEST_TARGET_NAME = "Project Espinilla";
			};
			name = Debug;
		};
		C960EBDF1E5E120800748B74 /* Release */ = {
			isa = XCBuildConfiguration;
			buildSettings = {
				ALWAYS_EMBED_SWIFT_STANDARD_LIBRARIES = YES;
				INFOPLIST_FILE = "Project EspinillaUITests/Info.plist";
				LD_RUNPATH_SEARCH_PATHS = "$(inherited) @executable_path/Frameworks @loader_path/Frameworks";
				PRODUCT_BUNDLE_IDENTIFIER = "mjcrepeau.Project-EspinillaUITests";
				PRODUCT_NAME = "$(TARGET_NAME)";
				SWIFT_VERSION = 3.0;
				TEST_TARGET_NAME = "Project Espinilla";
			};
			name = Release;
		};
/* End XCBuildConfiguration section */

/* Begin XCConfigurationList section */
		C960EBA81E5E120700748B74 /* Build configuration list for PBXProject "Project Espinilla" */ = {
			isa = XCConfigurationList;
			buildConfigurations = (
				C960EBD51E5E120800748B74 /* Debug */,
				C960EBD61E5E120800748B74 /* Release */,
			);
			defaultConfigurationIsVisible = 0;
			defaultConfigurationName = Release;
		};
		C960EBD71E5E120800748B74 /* Build configuration list for PBXNativeTarget "Project Espinilla" */ = {
			isa = XCConfigurationList;
			buildConfigurations = (
				C960EBD81E5E120800748B74 /* Debug */,
				C960EBD91E5E120800748B74 /* Release */,
			);
			defaultConfigurationIsVisible = 0;
			defaultConfigurationName = Release;
		};
		C960EBDA1E5E120800748B74 /* Build configuration list for PBXNativeTarget "Project EspinillaTests" */ = {
			isa = XCConfigurationList;
			buildConfigurations = (
				C960EBDB1E5E120800748B74 /* Debug */,
				C960EBDC1E5E120800748B74 /* Release */,
			);
			defaultConfigurationIsVisible = 0;
			defaultConfigurationName = Release;
		};
		C960EBDD1E5E120800748B74 /* Build configuration list for PBXNativeTarget "Project EspinillaUITests" */ = {
			isa = XCConfigurationList;
			buildConfigurations = (
				C960EBDE1E5E120800748B74 /* Debug */,
				C960EBDF1E5E120800748B74 /* Release */,
			);
			defaultConfigurationIsVisible = 0;
			defaultConfigurationName = Release;
		};
/* End XCConfigurationList section */
	};
	rootObject = C960EBA51E5E120700748B74 /* Project object */;
}
